
Microsoft Visual Studio Solution File, Format Version 12.00
# Visual Studio Version 17
VisualStudioVersion = 17.7.34221.43
MinimumVisualStudioVersion = 10.0.40219.1
Project("{8BC9CEB8-8B4A-11D0-8D11-00A0C91BC942}") = "CPSC259_Lab4_InLabFramework", "CPSC259_Lab4_InLabFramework\CPSC259_Lab4_InLabFramework.vcxproj", "{31540217-3D1F-449D-89BA-A632918B513F}"
EndProject
Project("{8BC9CEB8-8B4A-11D0-8D11-00A0C91BC942}") = "CPSC259_Lab4_InLab_UnitTests", "CPSC259_Lab4_InLab_UnitTests\CPSC259_Lab4_InLab_UnitTests.vcxproj", "{C9F27272-10A1-488C-A2D8-348BEC154C9B}"
EndProject
Global
	GlobalSection(SolutionConfigurationPlatforms) = preSolution
		Debug|x64 = Debug|x64
		Debug|x86 = Debug|x86
		Release|x64 = Release|x64
		Release|x86 = Release|x86
	EndGlobalSection
	GlobalSection(ProjectConfigurationPlatforms) = postSolution
		{31540217-3D1F-449D-89BA-A632918B513F}.Debug|x64.ActiveCfg = Debug|x64
		{31540217-3D1F-449D-89BA-A632918B513F}.Debug|x64.Build.0 = Debug|x64
		{31540217-3D1F-449D-89BA-A632918B513F}.Debug|x86.ActiveCfg = Debug|Win32
		{31540217-3D1F-449D-89BA-A632918B513F}.Debug|x86.Build.0 = Debug|Win32
		{31540217-3D1F-449D-89BA-A632918B513F}.Release|x64.ActiveCfg = Release|x64
		{31540217-3D1F-449D-89BA-A632918B513F}.Release|x64.Build.0 = Release|x64
		{31540217-3D1F-449D-89BA-A632918B513F}.Release|x86.ActiveCfg = Release|Win32
		{31540217-3D1F-449D-89BA-A632918B513F}.Release|x86.Build.0 = Release|Win32
		{C9F27272-10A1-488C-A2D8-348BEC154C9B}.Debug|x64.ActiveCfg = Debug|x64
		{C9F27272-10A1-488C-A2D8-348BEC154C9B}.Debug|x64.Build.0 = Debug|x64
		{C9F27272-10A1-488C-A2D8-348BEC154C9B}.Debug|x86.ActiveCfg = Debug|Win32
		{C9F27272-10A1-488C-A2D8-348BEC154C9B}.Debug|x86.Build.0 = Debug|Win32
		{C9F27272-10A1-488C-A2D8-348BEC154C9B}.Release|x64.ActiveCfg = Release|x64
		{C9F27272-10A1-488C-A2D8-348BEC154C9B}.Release|x64.Build.0 = Release|x64
		{C9F27272-10A1-488C-A2D8-348BEC154C9B}.Release|x86.ActiveCfg = Release|Win32
		{C9F27272-10A1-488C-A2D8-348BEC154C9B}.Release|x86.Build.0 = Release|Win32
	EndGlobalSection
	GlobalSection(SolutionProperties) = preSolution
		HideSolutionNode = FALSE
	EndGlobalSection
	GlobalSection(ExtensibilityGlobals) = postSolution
		SolutionGuid = {8D6EE2B1-9C7C-4D25-96BA-B7B31242C2B6}
	EndGlobalSection
EndGlobal
